<?xml version="1.0" encoding="utf-8"?>
<Project ToolsVersion="4.0" xmlns="http://schemas.microsoft.com/developer/msbuild/2003">
  <ItemGroup>
    <Filter Include="Source Files">
      <UniqueIdentifier>{4FC737F1-C7A5-4376-A066-2A32D752A2FF}</UniqueIdentifier>
      <Extensions>cpp;c;cc;cxx;c++;cppm;ixx;def;odl;idl;hpj;bat;asm;asmx</Extensions>
    </Filter>
    <Filter Include="Header Files">
      <UniqueIdentifier>{93995380-89BD-4b04-88EB-625FBE52EBFB}</UniqueIdentifier>
      <Extensions>h;hh;hpp;hxx;h++;hm;inl;inc;ipp;xsd</Extensions>
    </Filter>
    <Filter Include="Resource Files">
      <UniqueIdentifier>{67DA6AB6-F800-4c08-8B7A-83BB121AAD01}</UniqueIdentifier>
      <Extensions>rc;ico;cur;bmp;dlg;rc2;rct;bin;rgs;gif;jpg;jpeg;jpe;resx;tiff;tif;png;wav;mfcribbon-ms</Extensions>
    </Filter>
    <Filter Include="Header Files\Network">
      <UniqueIdentifier>{aa15075e-ea3d-47a5-bfb7-da7639d4cff1}</UniqueIdentifier>
    </Filter>
  </ItemGroup>
  <ItemGroup>
    <ClCompile Include="AudioManager.cpp">
      <Filter>Source Files</Filter>
    </ClCompile>
    <ClCompile Include="BackgroundManager.cpp">
      <Filter>Source Files</Filter>
    </ClCompile>
    <ClCompile Include="Box.cpp">
      <Filter>Source Files</Filter>
    </ClCompile>
    <ClCompile Include="Button.cpp">
      <Filter>Source Files</Filter>
    </ClCompile>
    <ClCompile Include="Button1.cpp">
      <Filter>Source Files</Filter>
    </ClCompile>
    <ClCompile Include="Cave1.cpp">
      <Filter>Source Files</Filter>
    </ClCompile>
    <ClCompile Include="Cave2.cpp">
      <Filter>Source Files</Filter>
    </ClCompile>
    <ClCompile Include="Cave3.cpp">
      <Filter>Source Files</Filter>
    </ClCompile>
    <ClCompile Include="Cave4.cpp">
      <Filter>Source Files</Filter>
    </ClCompile>
    <ClCompile Include="Cave5.cpp">
      <Filter>Source Files</Filter>
    </ClCompile>
    <ClCompile Include="Cave6.cpp">
      <Filter>Source Files</Filter>
    </ClCompile>
    <ClCompile Include="Cave7.cpp">
      <Filter>Source Files</Filter>
    </ClCompile>
    <ClCompile Include="Checkpoint.cpp">
      <Filter>Source Files</Filter>
    </ClCompile>
    <ClCompile Include="CollisionManager.cpp">
      <Filter>Source Files</Filter>
    </ClCompile>
    <ClCompile Include="ColorObj.cpp">
      <Filter>Source Files</Filter>
    </ClCompile>
    <ClCompile Include="Enemy.cpp">
      <Filter>Source Files</Filter>
    </ClCompile>
    <ClCompile Include="EntityInter.cpp">
      <Filter>Source Files</Filter>
    </ClCompile>
    <ClCompile Include="EntityManager.cpp">
      <Filter>Source Files</Filter>
    </ClCompile>
    <ClCompile Include="GameObject.cpp">
      <Filter>Source Files</Filter>
    </ClCompile>
    <ClCompile Include="GameState_Connect.cpp">
      <Filter>Source Files</Filter>
    </ClCompile>
    <ClCompile Include="GameState_Credits.cpp">
      <Filter>Source Files</Filter>
    </ClCompile>
    <ClCompile Include="GameState_End.cpp">
      <Filter>Source Files</Filter>
    </ClCompile>
    <ClCompile Include="GameState_Extra.cpp">
      <Filter>Source Files</Filter>
    </ClCompile>
    <ClCompile Include="GameState_Level1.cpp">
      <Filter>Source Files</Filter>
    </ClCompile>
    <ClCompile Include="GameState_Level2.cpp">
      <Filter>Source Files</Filter>
    </ClCompile>
    <ClCompile Include="GameState_Level3.cpp">
      <Filter>Source Files</Filter>
    </ClCompile>
    <ClCompile Include="GameState_Level4.cpp">
      <Filter>Source Files</Filter>
    </ClCompile>
    <ClCompile Include="GameState_Level5.cpp">
      <Filter>Source Files</Filter>
    </ClCompile>
    <ClCompile Include="GameState_Level6.cpp">
      <Filter>Source Files</Filter>
    </ClCompile>
    <ClCompile Include="GameState_Level7.cpp">
      <Filter>Source Files</Filter>
    </ClCompile>
    <ClCompile Include="GameState_Level8.cpp">
      <Filter>Source Files</Filter>
    </ClCompile>
    <ClCompile Include="GameState_LS.cpp">
      <Filter>Source Files</Filter>
    </ClCompile>
    <ClCompile Include="GameState_Menu.cpp">
      <Filter>Source Files</Filter>
    </ClCompile>
    <ClCompile Include="GameState_SplashScreen.cpp">
      <Filter>Source Files</Filter>
    </ClCompile>
    <ClCompile Include="GameStateManager.cpp">
      <Filter>Source Files</Filter>
    </ClCompile>
    <ClCompile Include="Gate.cpp">
      <Filter>Source Files</Filter>
    </ClCompile>
    <ClCompile Include="Gate2.cpp">
      <Filter>Source Files</Filter>
    </ClCompile>
    <ClCompile Include="Gate3.cpp">
      <Filter>Source Files</Filter>
    </ClCompile>
    <ClCompile Include="Gate4.cpp">
      <Filter>Source Files</Filter>
    </ClCompile>
    <ClCompile Include="ImageBox.cpp">
      <Filter>Source Files</Filter>
    </ClCompile>
    <ClCompile Include="Lever.cpp">
      <Filter>Source Files</Filter>
    </ClCompile>
    <ClCompile Include="Lever1.cpp">
      <Filter>Source Files</Filter>
    </ClCompile>
    <ClCompile Include="Main.cpp">
      <Filter>Source Files</Filter>
    </ClCompile>
    <ClCompile Include="OptionsMenuManager.cpp">
      <Filter>Source Files</Filter>
    </ClCompile>
    <ClCompile Include="PauseMenuManager.cpp">
      <Filter>Source Files</Filter>
    </ClCompile>
    <ClCompile Include="PhysicsManager.cpp">
      <Filter>Source Files</Filter>
    </ClCompile>
    <ClCompile Include="Player.cpp">
      <Filter>Source Files</Filter>
    </ClCompile>
    <ClCompile Include="RenderData.cpp">
      <Filter>Source Files</Filter>
    </ClCompile>
    <ClCompile Include="RenderManager.cpp">
      <Filter>Source Files</Filter>
    </ClCompile>
    <ClCompile Include="Spikes.cpp">
      <Filter>Source Files</Filter>
    </ClCompile>
    <ClCompile Include="Test_Level.cpp">
      <Filter>Source Files</Filter>
    </ClCompile>
    <ClCompile Include="Tile.cpp">
      <Filter>Source Files</Filter>
    </ClCompile>
    <ClCompile Include="TileManager.cpp">
      <Filter>Source Files</Filter>
    </ClCompile>
    <ClCompile Include="UIManager.cpp">
      <Filter>Source Files</Filter>
    </ClCompile>
    <ClCompile Include="Wall_Blue.cpp">
      <Filter>Source Files</Filter>
    </ClCompile>
    <ClCompile Include="Wall_Green.cpp">
      <Filter>Source Files</Filter>
    </ClCompile>
    <ClCompile Include="Wall_Red.cpp">
      <Filter>Source Files</Filter>
    </ClCompile>
    <ClCompile Include="Wall_Yellow.cpp">
      <Filter>Source Files</Filter>
    </ClCompile>
    <ClCompile Include="Network.cpp">
      <Filter>Source Files</Filter>
    </ClCompile>
    <ClCompile Include="Player2.cpp">
      <Filter>Source Files</Filter>
    </ClCompile>
  </ItemGroup>
  <ItemGroup>
    <ClInclude Include="AudioManager.h">
      <Filter>Header Files</Filter>
    </ClInclude>
    <ClInclude Include="BackgroundManager.h">
      <Filter>Header Files</Filter>
    </ClInclude>
    <ClInclude Include="Box.h">
      <Filter>Header Files</Filter>
    </ClInclude>
    <ClInclude Include="Button.h">
      <Filter>Header Files</Filter>
    </ClInclude>
    <ClInclude Include="Button1.h">
      <Filter>Header Files</Filter>
    </ClInclude>
    <ClInclude Include="Cave1.h">
      <Filter>Header Files</Filter>
    </ClInclude>
    <ClInclude Include="Cave2.h">
      <Filter>Header Files</Filter>
    </ClInclude>
    <ClInclude Include="Cave3.h">
      <Filter>Header Files</Filter>
    </ClInclude>
    <ClInclude Include="Cave4.h">
      <Filter>Header Files</Filter>
    </ClInclude>
    <ClInclude Include="Cave5.h">
      <Filter>Header Files</Filter>
    </ClInclude>
    <ClInclude Include="Cave6.h">
      <Filter>Header Files</Filter>
    </ClInclude>
    <ClInclude Include="Cave7.h">
      <Filter>Header Files</Filter>
    </ClInclude>
    <ClInclude Include="Checkpoint.h">
      <Filter>Header Files</Filter>
    </ClInclude>
    <ClInclude Include="CollisionManager.h">
      <Filter>Header Files</Filter>
    </ClInclude>
    <ClInclude Include="ColorList.h">
      <Filter>Header Files</Filter>
    </ClInclude>
    <ClInclude Include="ColorObj.h">
      <Filter>Header Files</Filter>
    </ClInclude>
    <ClInclude Include="Constants.h">
      <Filter>Header Files</Filter>
    </ClInclude>
    <ClInclude Include="Enemy.h">
      <Filter>Header Files</Filter>
    </ClInclude>
    <ClInclude Include="EnemyStateList.h">
      <Filter>Header Files</Filter>
    </ClInclude>
    <ClInclude Include="EntityInter.h">
      <Filter>Header Files</Filter>
    </ClInclude>
    <ClInclude Include="EntityList.h">
      <Filter>Header Files</Filter>
    </ClInclude>
    <ClInclude Include="EntityManager.h">
      <Filter>Header Files</Filter>
    </ClInclude>
    <ClInclude Include="GameObject.h">
      <Filter>Header Files</Filter>
    </ClInclude>
    <ClInclude Include="GameState_Connect.h">
      <Filter>Header Files</Filter>
    </ClInclude>
    <ClInclude Include="GameState_Credits.h">
      <Filter>Header Files</Filter>
    </ClInclude>
    <ClInclude Include="GameState_End.h">
      <Filter>Header Files</Filter>
    </ClInclude>
    <ClInclude Include="GameState_Extra.h">
      <Filter>Header Files</Filter>
    </ClInclude>
    <ClInclude Include="GameState_Level1.h">
      <Filter>Header Files</Filter>
    </ClInclude>
    <ClInclude Include="GameState_Level2.h">
      <Filter>Header Files</Filter>
    </ClInclude>
    <ClInclude Include="GameState_Level3.h">
      <Filter>Header Files</Filter>
    </ClInclude>
    <ClInclude Include="GameState_Level4.h">
      <Filter>Header Files</Filter>
    </ClInclude>
    <ClInclude Include="GameState_Level5.h">
      <Filter>Header Files</Filter>
    </ClInclude>
    <ClInclude Include="GameState_Level6.h">
      <Filter>Header Files</Filter>
    </ClInclude>
    <ClInclude Include="GameState_Level7.h">
      <Filter>Header Files</Filter>
    </ClInclude>
    <ClInclude Include="GameState_Level8.h">
      <Filter>Header Files</Filter>
    </ClInclude>
    <ClInclude Include="GameState_LS.h">
      <Filter>Header Files</Filter>
    </ClInclude>
    <ClInclude Include="GameState_Menu.h">
      <Filter>Header Files</Filter>
    </ClInclude>
    <ClInclude Include="GameState_SplashScreen.h">
      <Filter>Header Files</Filter>
    </ClInclude>
    <ClInclude Include="GameStateList.h">
      <Filter>Header Files</Filter>
    </ClInclude>
    <ClInclude Include="GameStateManager.h">
      <Filter>Header Files</Filter>
    </ClInclude>
    <ClInclude Include="Gate.h">
      <Filter>Header Files</Filter>
    </ClInclude>
    <ClInclude Include="Gate2.h">
      <Filter>Header Files</Filter>
    </ClInclude>
    <ClInclude Include="Gate3.h">
      <Filter>Header Files</Filter>
    </ClInclude>
    <ClInclude Include="Gate4.h">
      <Filter>Header Files</Filter>
    </ClInclude>
    <ClInclude Include="GateStateList.h">
      <Filter>Header Files</Filter>
    </ClInclude>
    <ClInclude Include="ImageBox.h">
      <Filter>Header Files</Filter>
    </ClInclude>
    <ClInclude Include="Lever.h">
      <Filter>Header Files</Filter>
    </ClInclude>
    <ClInclude Include="Lever1.h">
      <Filter>Header Files</Filter>
    </ClInclude>
    <ClInclude Include="Main.h">
      <Filter>Header Files</Filter>
    </ClInclude>
    <ClInclude Include="OptionsMenuManager.h">
      <Filter>Header Files</Filter>
    </ClInclude>
    <ClInclude Include="PauseMenuManager.h">
      <Filter>Header Files</Filter>
    </ClInclude>
    <ClInclude Include="PhysicsManager.h">
      <Filter>Header Files</Filter>
    </ClInclude>
    <ClInclude Include="Player.h">
      <Filter>Header Files</Filter>
    </ClInclude>
    <ClInclude Include="RenderData.h">
      <Filter>Header Files</Filter>
    </ClInclude>
    <ClInclude Include="RenderManager.h">
      <Filter>Header Files</Filter>
    </ClInclude>
    <ClInclude Include="Spikes.h">
      <Filter>Header Files</Filter>
    </ClInclude>
    <ClInclude Include="Test_Level.h">
      <Filter>Header Files</Filter>
    </ClInclude>
    <ClInclude Include="Tile.h">
      <Filter>Header Files</Filter>
    </ClInclude>
    <ClInclude Include="TileManager.h">
      <Filter>Header Files</Filter>
    </ClInclude>
    <ClInclude Include="Tiletype.h">
      <Filter>Header Files</Filter>
    </ClInclude>
    <ClInclude Include="UIManager.h">
      <Filter>Header Files</Filter>
    </ClInclude>
    <ClInclude Include="Wall_Blue.h">
      <Filter>Header Files</Filter>
    </ClInclude>
    <ClInclude Include="Wall_Green.h">
      <Filter>Header Files</Filter>
    </ClInclude>
    <ClInclude Include="Wall_Red.h">
      <Filter>Header Files</Filter>
    </ClInclude>
    <ClInclude Include="Wall_Yellow.h">
      <Filter>Header Files</Filter>
    </ClInclude>
    <ClInclude Include="Network.h">
      <Filter>Header Files\Network</Filter>
    </ClInclude>
    <ClInclude Include="Player2.h">
      <Filter>Header Files</Filter>
    </ClInclude>
  </ItemGroup>
</Project>